
Microsoft Visual Studio Solution File, Format Version 12.00
# Visual Studio 15
VisualStudioVersion = 15.0.28010.2036
MinimumVisualStudioVersion = 10.0.40219.1
Project("{FAE04EC0-301F-11D3-BF4B-00C04F79EFBC}") = "MyFWUnity.Common", "MyFWUnity.Common\MyFWUnity.Common.csproj", "{79F136A3-9110-485C-85C9-83D8B749FA2C}"
EndProject
Project("{FAE04EC0-301F-11D3-BF4B-00C04F79EFBC}") = "MyFWUnity.WebApp.Infrastructure", "MyFWUnity.WebApp.Infrastructure\MyFWUnity.WebApp.Infrastructure.csproj", "{8E3C64E4-008A-4622-931F-AC6C930DC6EE}"
EndProject
Project("{FAE04EC0-301F-11D3-BF4B-00C04F79EFBC}") = "MyFWUnity.WebApp.WebAPI", "MyFWUnity.WebApp.WebAPI\MyFWUnity.WebApp.WebAPI.csproj", "{E89133B8-E045-4F9D-8384-95198E6D82FD}"
EndProject
Project("{FAE04EC0-301F-11D3-BF4B-00C04F79EFBC}") = "MyFWUnity.WebApp.Demo", "MyFWUnity.WebApp.Demo\MyFWUnity.WebApp.Demo.csproj", "{CD661B13-CEA4-402D-86A0-7C6BCCE7CD0E}"
EndProject
Project("{FAE04EC0-301F-11D3-BF4B-00C04F79EFBC}") = "MyFWUnity.Module.Base", "MyFWUnity.Module.Base\MyFWUnity.Module.Base.csproj", "{4F243107-49EA-4AF1-953F-B04851CCC1F7}"
EndProject
Project("{FAE04EC0-301F-11D3-BF4B-00C04F79EFBC}") = "MyFWUnity.Module.Project", "MyFWUnity.Module.Project\MyFWUnity.Module.Project.csproj", "{FC01AF79-0146-489C-B3D8-4F464B52E713}"
EndProject
Project("{FAE04EC0-301F-11D3-BF4B-00C04F79EFBC}") = "MyFWUnity.Core", "MyFWUnity.Core\MyFWUnity.Core.csproj", "{0375F69C-5C2B-416C-A93A-4ACC7E3C7074}"
EndProject
Project("{FAE04EC0-301F-11D3-BF4B-00C04F79EFBC}") = "MyFWUnity.DataAccess", "MyFWUnity.DataAccess\MyFWUnity.DataAccess.csproj", "{308784D6-0D2D-4523-B1F5-C0893160BEED}"
EndProject
Project("{FAE04EC0-301F-11D3-BF4B-00C04F79EFBC}") = "MyFWUnity.Process", "MyFWUnity.Process\MyFWUnity.Process.csproj", "{A951971C-7BB4-4766-9A72-D0AACCBE0465}"
EndProject
Global
	GlobalSection(SolutionConfigurationPlatforms) = preSolution
		Debug|Any CPU = Debug|Any CPU
		Release|Any CPU = Release|Any CPU
	EndGlobalSection
	GlobalSection(ProjectConfigurationPlatforms) = postSolution
		{79F136A3-9110-485C-85C9-83D8B749FA2C}.Debug|Any CPU.ActiveCfg = Debug|Any CPU
		{79F136A3-9110-485C-85C9-83D8B749FA2C}.Debug|Any CPU.Build.0 = Debug|Any CPU
		{79F136A3-9110-485C-85C9-83D8B749FA2C}.Release|Any CPU.ActiveCfg = Release|Any CPU
		{79F136A3-9110-485C-85C9-83D8B749FA2C}.Release|Any CPU.Build.0 = Release|Any CPU
		{8E3C64E4-008A-4622-931F-AC6C930DC6EE}.Debug|Any CPU.ActiveCfg = Debug|Any CPU
		{8E3C64E4-008A-4622-931F-AC6C930DC6EE}.Debug|Any CPU.Build.0 = Debug|Any CPU
		{8E3C64E4-008A-4622-931F-AC6C930DC6EE}.Release|Any CPU.ActiveCfg = Release|Any CPU
		{8E3C64E4-008A-4622-931F-AC6C930DC6EE}.Release|Any CPU.Build.0 = Release|Any CPU
		{E89133B8-E045-4F9D-8384-95198E6D82FD}.Debug|Any CPU.ActiveCfg = Debug|Any CPU
		{E89133B8-E045-4F9D-8384-95198E6D82FD}.Debug|Any CPU.Build.0 = Debug|Any CPU
		{E89133B8-E045-4F9D-8384-95198E6D82FD}.Release|Any CPU.ActiveCfg = Release|Any CPU
		{E89133B8-E045-4F9D-8384-95198E6D82FD}.Release|Any CPU.Build.0 = Release|Any CPU
		{CD661B13-CEA4-402D-86A0-7C6BCCE7CD0E}.Debug|Any CPU.ActiveCfg = Debug|Any CPU
		{CD661B13-CEA4-402D-86A0-7C6BCCE7CD0E}.Debug|Any CPU.Build.0 = Debug|Any CPU
		{CD661B13-CEA4-402D-86A0-7C6BCCE7CD0E}.Release|Any CPU.ActiveCfg = Release|Any CPU
		{CD661B13-CEA4-402D-86A0-7C6BCCE7CD0E}.Release|Any CPU.Build.0 = Release|Any CPU
		{4F243107-49EA-4AF1-953F-B04851CCC1F7}.Debug|Any CPU.ActiveCfg = Debug|Any CPU
		{4F243107-49EA-4AF1-953F-B04851CCC1F7}.Debug|Any CPU.Build.0 = Debug|Any CPU
		{4F243107-49EA-4AF1-953F-B04851CCC1F7}.Release|Any CPU.ActiveCfg = Release|Any CPU
		{4F243107-49EA-4AF1-953F-B04851CCC1F7}.Release|Any CPU.Build.0 = Release|Any CPU
		{FC01AF79-0146-489C-B3D8-4F464B52E713}.Debug|Any CPU.ActiveCfg = Debug|Any CPU
		{FC01AF79-0146-489C-B3D8-4F464B52E713}.Debug|Any CPU.Build.0 = Debug|Any CPU
		{FC01AF79-0146-489C-B3D8-4F464B52E713}.Release|Any CPU.ActiveCfg = Release|Any CPU
		{FC01AF79-0146-489C-B3D8-4F464B52E713}.Release|Any CPU.Build.0 = Release|Any CPU
		{0375F69C-5C2B-416C-A93A-4ACC7E3C7074}.Debug|Any CPU.ActiveCfg = Debug|Any CPU
		{0375F69C-5C2B-416C-A93A-4ACC7E3C7074}.Debug|Any CPU.Build.0 = Debug|Any CPU
		{0375F69C-5C2B-416C-A93A-4ACC7E3C7074}.Release|Any CPU.ActiveCfg = Release|Any CPU
		{0375F69C-5C2B-416C-A93A-4ACC7E3C7074}.Release|Any CPU.Build.0 = Release|Any CPU
		{308784D6-0D2D-4523-B1F5-C0893160BEED}.Debug|Any CPU.ActiveCfg = Debug|Any CPU
		{308784D6-0D2D-4523-B1F5-C0893160BEED}.Debug|Any CPU.Build.0 = Debug|Any CPU
		{308784D6-0D2D-4523-B1F5-C0893160BEED}.Release|Any CPU.ActiveCfg = Release|Any CPU
		{308784D6-0D2D-4523-B1F5-C0893160BEED}.Release|Any CPU.Build.0 = Release|Any CPU
		{A951971C-7BB4-4766-9A72-D0AACCBE0465}.Debug|Any CPU.ActiveCfg = Debug|Any CPU
		{A951971C-7BB4-4766-9A72-D0AACCBE0465}.Debug|Any CPU.Build.0 = Debug|Any CPU
		{A951971C-7BB4-4766-9A72-D0AACCBE0465}.Release|Any CPU.ActiveCfg = Release|Any CPU
		{A951971C-7BB4-4766-9A72-D0AACCBE0465}.Release|Any CPU.Build.0 = Release|Any CPU
	EndGlobalSection
	GlobalSection(SolutionProperties) = preSolution
		HideSolutionNode = FALSE
	EndGlobalSection
	GlobalSection(ExtensibilityGlobals) = postSolution
		SolutionGuid = {AADFA795-E7FC-4A6E-AD6E-3688EF4A6738}
	EndGlobalSection
EndGlobal
